lockfileVersion: '6.0'

settings:
  autoInstallPeers: true
  excludeLinksFromLockfile: false

dependencies:
  js-file-download:
    specifier: ^0.4.12
    version: 0.4.12

packages:

  /js-file-download@0.4.12:
    resolution: {integrity: sha512-rML+NkoD08p5Dllpjo0ffy4jRHeY6Zsapvr/W86N7E0yuzAO6qa5X9+xog6zQNlH102J7IXljNY2FtS6Lj3ucg==}
    dev: false
